
Microsoft Visual Studio Solution File, Format Version 12.00
# Visual Studio Version 17
VisualStudioVersion = 17.13.35931.197 d17.13
MinimumVisualStudioVersion = 10.0.40219.1
Project("{FAE04EC0-301F-11D3-BF4B-00C04F79EFBC}") = "TaskManager", "TaskManager.csproj", "{DF3A88A1-A78D-491B-93BF-283FA84E6125}"
EndProject
Global
	GlobalSection(SolutionConfigurationPlatforms) = preSolution
		Debug|Any CPU = Debug|Any CPU
		Release|Any CPU = Release|Any CPU
	EndGlobalSection
	GlobalSection(ProjectConfigurationPlatforms) = postSolution
		{DF3A88A1-A78D-491B-93BF-283FA84E6125}.Debug|Any CPU.ActiveCfg = Debug|Any CPU
		{DF3A88A1-A78D-491B-93BF-283FA84E6125}.Debug|Any CPU.Build.0 = Debug|Any CPU
		{DF3A88A1-A78D-491B-93BF-283FA84E6125}.Release|Any CPU.ActiveCfg = Release|Any CPU
		{DF3A88A1-A78D-491B-93BF-283FA84E6125}.Release|Any CPU.Build.0 = Release|Any CPU
	EndGlobalSection
	GlobalSection(SolutionProperties) = preSolution
		HideSolutionNode = FALSE
	EndGlobalSection
	GlobalSection(ExtensibilityGlobals) = postSolution
		SolutionGuid = {C02CE6D3-EFEE-40FE-8D9B-8E93CA56A58C}
	EndGlobalSection
EndGlobal
